
Microsoft Visual Studio Solution File, Format Version 12.00
# Visual Studio Version 16
VisualStudioVersion = 16.0.29519.87
MinimumVisualStudioVersion = 10.0.40219.1
Project("{FAE04EC0-301F-11D3-BF4B-00C04F79EFBC}") = "SerializationFactory", "SerializationFactory\SerializationFactory.csproj", "{73E38EF0-2121-4A6E-8559-15A51FD88DE5}"
EndProject
Project("{FAE04EC0-301F-11D3-BF4B-00C04F79EFBC}") = "ConnectServerWrapper", "ConnectServerWrapper\ConnectServerWrapper.csproj", "{AF40EE07-30AE-414D-8D26-29AFAE8FAA50}"
EndProject
Project("{FAE04EC0-301F-11D3-BF4B-00C04F79EFBC}") = "IntercommConsole", "IntercommConsole\IntercommConsole.csproj", "{A2AA7DB4-29E0-4A6D-B0B3-8D857D03D1EF}"
EndProject
Global
	GlobalSection(SolutionConfigurationPlatforms) = preSolution
		Debug|Any CPU = Debug|Any CPU
		Release|Any CPU = Release|Any CPU
	EndGlobalSection
	GlobalSection(ProjectConfigurationPlatforms) = postSolution
		{73E38EF0-2121-4A6E-8559-15A51FD88DE5}.Debug|Any CPU.ActiveCfg = Debug|Any CPU
		{73E38EF0-2121-4A6E-8559-15A51FD88DE5}.Debug|Any CPU.Build.0 = Debug|Any CPU
		{73E38EF0-2121-4A6E-8559-15A51FD88DE5}.Release|Any CPU.ActiveCfg = Release|Any CPU
		{73E38EF0-2121-4A6E-8559-15A51FD88DE5}.Release|Any CPU.Build.0 = Release|Any CPU
		{AF40EE07-30AE-414D-8D26-29AFAE8FAA50}.Debug|Any CPU.ActiveCfg = Debug|Any CPU
		{AF40EE07-30AE-414D-8D26-29AFAE8FAA50}.Debug|Any CPU.Build.0 = Debug|Any CPU
		{AF40EE07-30AE-414D-8D26-29AFAE8FAA50}.Release|Any CPU.ActiveCfg = Release|Any CPU
		{AF40EE07-30AE-414D-8D26-29AFAE8FAA50}.Release|Any CPU.Build.0 = Release|Any CPU
		{A2AA7DB4-29E0-4A6D-B0B3-8D857D03D1EF}.Debug|Any CPU.ActiveCfg = Debug|Any CPU
		{A2AA7DB4-29E0-4A6D-B0B3-8D857D03D1EF}.Debug|Any CPU.Build.0 = Debug|Any CPU
		{A2AA7DB4-29E0-4A6D-B0B3-8D857D03D1EF}.Release|Any CPU.ActiveCfg = Release|Any CPU
		{A2AA7DB4-29E0-4A6D-B0B3-8D857D03D1EF}.Release|Any CPU.Build.0 = Release|Any CPU
	EndGlobalSection
	GlobalSection(SolutionProperties) = preSolution
		HideSolutionNode = FALSE
	EndGlobalSection
	GlobalSection(ExtensibilityGlobals) = postSolution
		SolutionGuid = {43283A94-8EF0-431A-9172-900CDC4574E5}
	EndGlobalSection
EndGlobal
