
Microsoft Visual Studio Solution File, Format Version 12.00
# Visual Studio Version 16
VisualStudioVersion = 16.0.29519.87
MinimumVisualStudioVersion = 10.0.40219.1
Project("{FAE04EC0-301F-11D3-BF4B-00C04F79EFBC}") = "SerializationFactory", "SerializationFactory\SerializationFactory.csproj", "{73E38EF0-2121-4A6E-8559-15A51FD88DE5}"
EndProject
Project("{FAE04EC0-301F-11D3-BF4B-00C04F79EFBC}") = "ConnectServerWrapper", "ConnectServerWrapper\ConnectServerWrapper.csproj", "{AF40EE07-30AE-414D-8D26-29AFAE8FAA50}"
EndProject
Project("{FAE04EC0-301F-11D3-BF4B-00C04F79EFBC}") = "IntercommConsole", "IntercommConsole\IntercommConsole.csproj", "{A2AA7DB4-29E0-4A6D-B0B3-8D857D03D1EF}"
EndProject
Project("{FAE04EC0-301F-11D3-BF4B-00C04F79EFBC}") = "ChartDisplay", "ChartDisplay\ChartDisplay.csproj", "{64431894-D465-4181-9D51-71589A0EBAAB}"
EndProject
Project("{FAE04EC0-301F-11D3-BF4B-00C04F79EFBC}") = "SerializationFactory.Genuine", "SerializationFactory.Genuine\SerializationFactory.Genuine.csproj", "{2501913D-67A3-4A8E-8EC5-BB587090F056}"
EndProject
Project("{FAE04EC0-301F-11D3-BF4B-00C04F79EFBC}") = "ConnectServerDisplayWrapper", "ConnectServerDisplayWrapper\ConnectServerDisplayWrapper.csproj", "{CE7614DB-982D-42BD-903E-590AB671E8C5}"
EndProject
Project("{FAE04EC0-301F-11D3-BF4B-00C04F79EFBC}") = "IntercommConsole_HuanghuaMining", "IntercommConsole_HuanghuaMining\IntercommConsole_HuanghuaMining.csproj", "{90058FFE-7A51-4896-91F0-3D0DCFB99DE1}"
EndProject
Global
	GlobalSection(SolutionConfigurationPlatforms) = preSolution
		Debug|Any CPU = Debug|Any CPU
		Debug|x86 = Debug|x86
		Release|Any CPU = Release|Any CPU
		Release|x86 = Release|x86
	EndGlobalSection
	GlobalSection(ProjectConfigurationPlatforms) = postSolution
		{73E38EF0-2121-4A6E-8559-15A51FD88DE5}.Debug|Any CPU.ActiveCfg = Debug|Any CPU
		{73E38EF0-2121-4A6E-8559-15A51FD88DE5}.Debug|Any CPU.Build.0 = Debug|Any CPU
		{73E38EF0-2121-4A6E-8559-15A51FD88DE5}.Debug|x86.ActiveCfg = Debug|Any CPU
		{73E38EF0-2121-4A6E-8559-15A51FD88DE5}.Debug|x86.Build.0 = Debug|Any CPU
		{73E38EF0-2121-4A6E-8559-15A51FD88DE5}.Release|Any CPU.ActiveCfg = Release|Any CPU
		{73E38EF0-2121-4A6E-8559-15A51FD88DE5}.Release|Any CPU.Build.0 = Release|Any CPU
		{73E38EF0-2121-4A6E-8559-15A51FD88DE5}.Release|x86.ActiveCfg = Release|Any CPU
		{73E38EF0-2121-4A6E-8559-15A51FD88DE5}.Release|x86.Build.0 = Release|Any CPU
		{AF40EE07-30AE-414D-8D26-29AFAE8FAA50}.Debug|Any CPU.ActiveCfg = Debug|Any CPU
		{AF40EE07-30AE-414D-8D26-29AFAE8FAA50}.Debug|Any CPU.Build.0 = Debug|Any CPU
		{AF40EE07-30AE-414D-8D26-29AFAE8FAA50}.Debug|x86.ActiveCfg = Debug|Any CPU
		{AF40EE07-30AE-414D-8D26-29AFAE8FAA50}.Debug|x86.Build.0 = Debug|Any CPU
		{AF40EE07-30AE-414D-8D26-29AFAE8FAA50}.Release|Any CPU.ActiveCfg = Release|Any CPU
		{AF40EE07-30AE-414D-8D26-29AFAE8FAA50}.Release|Any CPU.Build.0 = Release|Any CPU
		{AF40EE07-30AE-414D-8D26-29AFAE8FAA50}.Release|x86.ActiveCfg = Release|Any CPU
		{AF40EE07-30AE-414D-8D26-29AFAE8FAA50}.Release|x86.Build.0 = Release|Any CPU
		{A2AA7DB4-29E0-4A6D-B0B3-8D857D03D1EF}.Debug|Any CPU.ActiveCfg = Debug|Any CPU
		{A2AA7DB4-29E0-4A6D-B0B3-8D857D03D1EF}.Debug|Any CPU.Build.0 = Debug|Any CPU
		{A2AA7DB4-29E0-4A6D-B0B3-8D857D03D1EF}.Debug|x86.ActiveCfg = Debug|Any CPU
		{A2AA7DB4-29E0-4A6D-B0B3-8D857D03D1EF}.Debug|x86.Build.0 = Debug|Any CPU
		{A2AA7DB4-29E0-4A6D-B0B3-8D857D03D1EF}.Release|Any CPU.ActiveCfg = Release|Any CPU
		{A2AA7DB4-29E0-4A6D-B0B3-8D857D03D1EF}.Release|Any CPU.Build.0 = Release|Any CPU
		{A2AA7DB4-29E0-4A6D-B0B3-8D857D03D1EF}.Release|x86.ActiveCfg = Release|Any CPU
		{A2AA7DB4-29E0-4A6D-B0B3-8D857D03D1EF}.Release|x86.Build.0 = Release|Any CPU
		{64431894-D465-4181-9D51-71589A0EBAAB}.Debug|Any CPU.ActiveCfg = Debug|Any CPU
		{64431894-D465-4181-9D51-71589A0EBAAB}.Debug|Any CPU.Build.0 = Debug|Any CPU
		{64431894-D465-4181-9D51-71589A0EBAAB}.Debug|x86.ActiveCfg = Debug|x86
		{64431894-D465-4181-9D51-71589A0EBAAB}.Debug|x86.Build.0 = Debug|x86
		{64431894-D465-4181-9D51-71589A0EBAAB}.Release|Any CPU.ActiveCfg = Release|x86
		{64431894-D465-4181-9D51-71589A0EBAAB}.Release|x86.ActiveCfg = Release|x86
		{64431894-D465-4181-9D51-71589A0EBAAB}.Release|x86.Build.0 = Release|x86
		{2501913D-67A3-4A8E-8EC5-BB587090F056}.Debug|Any CPU.ActiveCfg = Debug|Any CPU
		{2501913D-67A3-4A8E-8EC5-BB587090F056}.Debug|Any CPU.Build.0 = Debug|Any CPU
		{2501913D-67A3-4A8E-8EC5-BB587090F056}.Debug|x86.ActiveCfg = Debug|Any CPU
		{2501913D-67A3-4A8E-8EC5-BB587090F056}.Debug|x86.Build.0 = Debug|Any CPU
		{2501913D-67A3-4A8E-8EC5-BB587090F056}.Release|Any CPU.ActiveCfg = Release|Any CPU
		{2501913D-67A3-4A8E-8EC5-BB587090F056}.Release|Any CPU.Build.0 = Release|Any CPU
		{2501913D-67A3-4A8E-8EC5-BB587090F056}.Release|x86.ActiveCfg = Release|Any CPU
		{2501913D-67A3-4A8E-8EC5-BB587090F056}.Release|x86.Build.0 = Release|Any CPU
		{CE7614DB-982D-42BD-903E-590AB671E8C5}.Debug|Any CPU.ActiveCfg = Debug|Any CPU
		{CE7614DB-982D-42BD-903E-590AB671E8C5}.Debug|Any CPU.Build.0 = Debug|Any CPU
		{CE7614DB-982D-42BD-903E-590AB671E8C5}.Debug|x86.ActiveCfg = Debug|Any CPU
		{CE7614DB-982D-42BD-903E-590AB671E8C5}.Debug|x86.Build.0 = Debug|Any CPU
		{CE7614DB-982D-42BD-903E-590AB671E8C5}.Release|Any CPU.ActiveCfg = Release|Any CPU
		{CE7614DB-982D-42BD-903E-590AB671E8C5}.Release|Any CPU.Build.0 = Release|Any CPU
		{CE7614DB-982D-42BD-903E-590AB671E8C5}.Release|x86.ActiveCfg = Release|Any CPU
		{CE7614DB-982D-42BD-903E-590AB671E8C5}.Release|x86.Build.0 = Release|Any CPU
		{90058FFE-7A51-4896-91F0-3D0DCFB99DE1}.Debug|Any CPU.ActiveCfg = Debug|Any CPU
		{90058FFE-7A51-4896-91F0-3D0DCFB99DE1}.Debug|Any CPU.Build.0 = Debug|Any CPU
		{90058FFE-7A51-4896-91F0-3D0DCFB99DE1}.Debug|x86.ActiveCfg = Debug|Any CPU
		{90058FFE-7A51-4896-91F0-3D0DCFB99DE1}.Debug|x86.Build.0 = Debug|Any CPU
		{90058FFE-7A51-4896-91F0-3D0DCFB99DE1}.Release|Any CPU.ActiveCfg = Release|Any CPU
		{90058FFE-7A51-4896-91F0-3D0DCFB99DE1}.Release|Any CPU.Build.0 = Release|Any CPU
		{90058FFE-7A51-4896-91F0-3D0DCFB99DE1}.Release|x86.ActiveCfg = Release|Any CPU
		{90058FFE-7A51-4896-91F0-3D0DCFB99DE1}.Release|x86.Build.0 = Release|Any CPU
	EndGlobalSection
	GlobalSection(SolutionProperties) = preSolution
		HideSolutionNode = FALSE
	EndGlobalSection
	GlobalSection(ExtensibilityGlobals) = postSolution
		SolutionGuid = {43283A94-8EF0-431A-9172-900CDC4574E5}
	EndGlobalSection
EndGlobal
